
Microsoft Visual Studio Solution File, Format Version 12.00
# Visual Studio Version 16
VisualStudioVersion = 16.0.29926.136
MinimumVisualStudioVersion = 10.0.40219.1
Project("{FAE04EC0-301F-11D3-BF4B-00C04F79EFBC}") = "WebAppECart", "WebAppECart\WebAppECart.csproj", "{CA2ECC2C-9959-4302-A702-44195EBE000B}"
EndProject
Global
	GlobalSection(SolutionConfigurationPlatforms) = preSolution
		Debug|Any CPU = Debug|Any CPU
		Release|Any CPU = Release|Any CPU
	EndGlobalSection
	GlobalSection(ProjectConfigurationPlatforms) = postSolution
		{CA2ECC2C-9959-4302-A702-44195EBE000B}.Debug|Any CPU.ActiveCfg = Debug|Any CPU
		{CA2ECC2C-9959-4302-A702-44195EBE000B}.Debug|Any CPU.Build.0 = Debug|Any CPU
		{CA2ECC2C-9959-4302-A702-44195EBE000B}.Release|Any CPU.ActiveCfg = Release|Any CPU
		{CA2ECC2C-9959-4302-A702-44195EBE000B}.Release|Any CPU.Build.0 = Release|Any CPU
	EndGlobalSection
	GlobalSection(SolutionProperties) = preSolution
		HideSolutionNode = FALSE
	EndGlobalSection
	GlobalSection(ExtensibilityGlobals) = postSolution
		SolutionGuid = {F5E2B76D-4BAE-4734-BE72-9026D96EBC86}
	EndGlobalSection
EndGlobal
